
Microsoft Visual Studio Solution File, Format Version 12.00
# Visual Studio Version 17
VisualStudioVersion = 17.13.35919.96 d17.13
MinimumVisualStudioVersion = 10.0.40219.1
Project("{FAE04EC0-301F-11D3-BF4B-00C04F79EFBC}") = "School Management System", "School Management System\School Management System.csproj", "{F3B7F813-EEB6-4204-95E1-A58FC84892D9}"
EndProject
Global
	GlobalSection(SolutionConfigurationPlatforms) = preSolution
		Debug|Any CPU = Debug|Any CPU
		Release|Any CPU = Release|Any CPU
	EndGlobalSection
	GlobalSection(ProjectConfigurationPlatforms) = postSolution
		{F3B7F813-EEB6-4204-95E1-A58FC84892D9}.Debug|Any CPU.ActiveCfg = Debug|Any CPU
		{F3B7F813-EEB6-4204-95E1-A58FC84892D9}.Debug|Any CPU.Build.0 = Debug|Any CPU
		{F3B7F813-EEB6-4204-95E1-A58FC84892D9}.Release|Any CPU.ActiveCfg = Release|Any CPU
		{F3B7F813-EEB6-4204-95E1-A58FC84892D9}.Release|Any CPU.Build.0 = Release|Any CPU
	EndGlobalSection
	GlobalSection(SolutionProperties) = preSolution
		HideSolutionNode = FALSE
	EndGlobalSection
	GlobalSection(ExtensibilityGlobals) = postSolution
		SolutionGuid = {62D7709B-5627-4575-BE2C-E62D1704D9CD}
	EndGlobalSection
EndGlobal
