
Microsoft Visual Studio Solution File, Format Version 12.00
# Visual Studio Version 17
VisualStudioVersion = 17.13.35919.96 d17.13
MinimumVisualStudioVersion = 10.0.40219.1
Project("{FAE04EC0-301F-11D3-BF4B-00C04F79EFBC}") = "enumstruct", "enumstruct.csproj", "{8F084F17-75EB-46EC-ADF7-0EB61875B685}"
EndProject
Global
	GlobalSection(SolutionConfigurationPlatforms) = preSolution
		Debug|Any CPU = Debug|Any CPU
		Release|Any CPU = Release|Any CPU
	EndGlobalSection
	GlobalSection(ProjectConfigurationPlatforms) = postSolution
		{8F084F17-75EB-46EC-ADF7-0EB61875B685}.Debug|Any CPU.ActiveCfg = Debug|Any CPU
		{8F084F17-75EB-46EC-ADF7-0EB61875B685}.Debug|Any CPU.Build.0 = Debug|Any CPU
		{8F084F17-75EB-46EC-ADF7-0EB61875B685}.Release|Any CPU.ActiveCfg = Release|Any CPU
		{8F084F17-75EB-46EC-ADF7-0EB61875B685}.Release|Any CPU.Build.0 = Release|Any CPU
	EndGlobalSection
	GlobalSection(SolutionProperties) = preSolution
		HideSolutionNode = FALSE
	EndGlobalSection
	GlobalSection(ExtensibilityGlobals) = postSolution
		SolutionGuid = {CC693146-DE41-4F88-86AF-2BACFE5EC01A}
	EndGlobalSection
EndGlobal
