
Microsoft Visual Studio Solution File, Format Version 12.00
# Visual Studio Version 17
VisualStudioVersion = 17.13.35919.96 d17.13
MinimumVisualStudioVersion = 10.0.40219.1
Project("{FAE04EC0-301F-11D3-BF4B-00C04F79EFBC}") = "Activity 2. do while 2", "Activity 2. do while 2\Activity 2. do while 2.csproj", "{22C7901E-6406-4BB6-BB0A-E47387BC4ED9}"
EndProject
Global
	GlobalSection(SolutionConfigurationPlatforms) = preSolution
		Debug|Any CPU = Debug|Any CPU
		Release|Any CPU = Release|Any CPU
	EndGlobalSection
	GlobalSection(ProjectConfigurationPlatforms) = postSolution
		{22C7901E-6406-4BB6-BB0A-E47387BC4ED9}.Debug|Any CPU.ActiveCfg = Debug|Any CPU
		{22C7901E-6406-4BB6-BB0A-E47387BC4ED9}.Debug|Any CPU.Build.0 = Debug|Any CPU
		{22C7901E-6406-4BB6-BB0A-E47387BC4ED9}.Release|Any CPU.ActiveCfg = Release|Any CPU
		{22C7901E-6406-4BB6-BB0A-E47387BC4ED9}.Release|Any CPU.Build.0 = Release|Any CPU
	EndGlobalSection
	GlobalSection(SolutionProperties) = preSolution
		HideSolutionNode = FALSE
	EndGlobalSection
	GlobalSection(ExtensibilityGlobals) = postSolution
		SolutionGuid = {EA4AA0FF-D989-4C0F-A4FA-086B1E7C7CFC}
	EndGlobalSection
EndGlobal
