
Microsoft Visual Studio Solution File, Format Version 12.00
# Visual Studio Version 17
VisualStudioVersion = 17.13.35919.96 d17.13
MinimumVisualStudioVersion = 10.0.40219.1
Project("{FAE04EC0-301F-11D3-BF4B-00C04F79EFBC}") = "activity16", "activity16.csproj", "{15F19D0F-A0F1-4381-B9F3-4D087E692C65}"
EndProject
Global
	GlobalSection(SolutionConfigurationPlatforms) = preSolution
		Debug|Any CPU = Debug|Any CPU
		Release|Any CPU = Release|Any CPU
	EndGlobalSection
	GlobalSection(ProjectConfigurationPlatforms) = postSolution
		{15F19D0F-A0F1-4381-B9F3-4D087E692C65}.Debug|Any CPU.ActiveCfg = Debug|Any CPU
		{15F19D0F-A0F1-4381-B9F3-4D087E692C65}.Debug|Any CPU.Build.0 = Debug|Any CPU
		{15F19D0F-A0F1-4381-B9F3-4D087E692C65}.Release|Any CPU.ActiveCfg = Release|Any CPU
		{15F19D0F-A0F1-4381-B9F3-4D087E692C65}.Release|Any CPU.Build.0 = Release|Any CPU
	EndGlobalSection
	GlobalSection(SolutionProperties) = preSolution
		HideSolutionNode = FALSE
	EndGlobalSection
	GlobalSection(ExtensibilityGlobals) = postSolution
		SolutionGuid = {1A8340D6-4D0E-4CE2-9988-520B4E8E5A9F}
	EndGlobalSection
EndGlobal
