
Microsoft Visual Studio Solution File, Format Version 12.00
# Visual Studio Version 17
VisualStudioVersion = 17.13.35919.96 d17.13
MinimumVisualStudioVersion = 10.0.40219.1
Project("{FAE04EC0-301F-11D3-BF4B-00C04F79EFBC}") = "Student Management", "Student Management.csproj", "{C5188C6F-624D-4F7F-8368-D775FC774604}"
EndProject
Global
	GlobalSection(SolutionConfigurationPlatforms) = preSolution
		Debug|Any CPU = Debug|Any CPU
		Release|Any CPU = Release|Any CPU
	EndGlobalSection
	GlobalSection(ProjectConfigurationPlatforms) = postSolution
		{C5188C6F-624D-4F7F-8368-D775FC774604}.Debug|Any CPU.ActiveCfg = Debug|Any CPU
		{C5188C6F-624D-4F7F-8368-D775FC774604}.Debug|Any CPU.Build.0 = Debug|Any CPU
		{C5188C6F-624D-4F7F-8368-D775FC774604}.Release|Any CPU.ActiveCfg = Release|Any CPU
		{C5188C6F-624D-4F7F-8368-D775FC774604}.Release|Any CPU.Build.0 = Release|Any CPU
	EndGlobalSection
	GlobalSection(SolutionProperties) = preSolution
		HideSolutionNode = FALSE
	EndGlobalSection
	GlobalSection(ExtensibilityGlobals) = postSolution
		SolutionGuid = {69DDC0F5-A7D0-498E-9D9B-86E29A776410}
	EndGlobalSection
EndGlobal
