
Microsoft Visual Studio Solution File, Format Version 12.00
# Visual Studio Version 17
VisualStudioVersion = 17.13.35919.96 d17.13
MinimumVisualStudioVersion = 10.0.40219.1
Project("{FAE04EC0-301F-11D3-BF4B-00C04F79EFBC}") = "do while", "do while\do while.csproj", "{8A71AF65-C6E3-4061-967C-FE67E40D147B}"
EndProject
Global
	GlobalSection(SolutionConfigurationPlatforms) = preSolution
		Debug|Any CPU = Debug|Any CPU
		Release|Any CPU = Release|Any CPU
	EndGlobalSection
	GlobalSection(ProjectConfigurationPlatforms) = postSolution
		{8A71AF65-C6E3-4061-967C-FE67E40D147B}.Debug|Any CPU.ActiveCfg = Debug|Any CPU
		{8A71AF65-C6E3-4061-967C-FE67E40D147B}.Debug|Any CPU.Build.0 = Debug|Any CPU
		{8A71AF65-C6E3-4061-967C-FE67E40D147B}.Release|Any CPU.ActiveCfg = Release|Any CPU
		{8A71AF65-C6E3-4061-967C-FE67E40D147B}.Release|Any CPU.Build.0 = Release|Any CPU
	EndGlobalSection
	GlobalSection(SolutionProperties) = preSolution
		HideSolutionNode = FALSE
	EndGlobalSection
	GlobalSection(ExtensibilityGlobals) = postSolution
		SolutionGuid = {DA4CA27F-228C-481C-A1D8-500B45F6FE8A}
	EndGlobalSection
EndGlobal
