
Microsoft Visual Studio Solution File, Format Version 12.00
# Visual Studio Version 17
VisualStudioVersion = 17.13.35919.96 d17.13
MinimumVisualStudioVersion = 10.0.40219.1
Project("{FAE04EC0-301F-11D3-BF4B-00C04F79EFBC}") = "Sort by Value Instead of Key", "Sort by Value Instead of Key\Sort by Value Instead of Key.csproj", "{BC109D89-BE6C-4A2D-9F02-50BFB1ECBBC1}"
EndProject
Global
	GlobalSection(SolutionConfigurationPlatforms) = preSolution
		Debug|Any CPU = Debug|Any CPU
		Release|Any CPU = Release|Any CPU
	EndGlobalSection
	GlobalSection(ProjectConfigurationPlatforms) = postSolution
		{BC109D89-BE6C-4A2D-9F02-50BFB1ECBBC1}.Debug|Any CPU.ActiveCfg = Debug|Any CPU
		{BC109D89-BE6C-4A2D-9F02-50BFB1ECBBC1}.Debug|Any CPU.Build.0 = Debug|Any CPU
		{BC109D89-BE6C-4A2D-9F02-50BFB1ECBBC1}.Release|Any CPU.ActiveCfg = Release|Any CPU
		{BC109D89-BE6C-4A2D-9F02-50BFB1ECBBC1}.Release|Any CPU.Build.0 = Release|Any CPU
	EndGlobalSection
	GlobalSection(SolutionProperties) = preSolution
		HideSolutionNode = FALSE
	EndGlobalSection
	GlobalSection(ExtensibilityGlobals) = postSolution
		SolutionGuid = {9A7AB73C-8B05-45D4-AF73-0F70B3030995}
	EndGlobalSection
EndGlobal
