
Microsoft Visual Studio Solution File, Format Version 12.00
# Visual Studio Version 17
VisualStudioVersion = 17.13.35919.96 d17.13
MinimumVisualStudioVersion = 10.0.40219.1
Project("{FAE04EC0-301F-11D3-BF4B-00C04F79EFBC}") = "menu_table", "menu_table\menu_table.csproj", "{29519D2E-84FC-4FE8-9F59-39C53BEED80D}"
EndProject
Global
	GlobalSection(SolutionConfigurationPlatforms) = preSolution
		Debug|Any CPU = Debug|Any CPU
		Release|Any CPU = Release|Any CPU
	EndGlobalSection
	GlobalSection(ProjectConfigurationPlatforms) = postSolution
		{29519D2E-84FC-4FE8-9F59-39C53BEED80D}.Debug|Any CPU.ActiveCfg = Debug|Any CPU
		{29519D2E-84FC-4FE8-9F59-39C53BEED80D}.Debug|Any CPU.Build.0 = Debug|Any CPU
		{29519D2E-84FC-4FE8-9F59-39C53BEED80D}.Release|Any CPU.ActiveCfg = Release|Any CPU
		{29519D2E-84FC-4FE8-9F59-39C53BEED80D}.Release|Any CPU.Build.0 = Release|Any CPU
	EndGlobalSection
	GlobalSection(SolutionProperties) = preSolution
		HideSolutionNode = FALSE
	EndGlobalSection
	GlobalSection(ExtensibilityGlobals) = postSolution
		SolutionGuid = {267F5803-0E6F-444F-AAEE-AE6E4D3EA59B}
	EndGlobalSection
EndGlobal
