
Microsoft Visual Studio Solution File, Format Version 12.00
# Visual Studio Version 17
VisualStudioVersion = 17.13.35919.96 d17.13
MinimumVisualStudioVersion = 10.0.40219.1
Project("{FAE04EC0-301F-11D3-BF4B-00C04F79EFBC}") = "Multidimensional", "Multidimensional.csproj", "{098AB1EB-7703-410C-BBC3-88F4C01C678C}"
EndProject
Global
	GlobalSection(SolutionConfigurationPlatforms) = preSolution
		Debug|Any CPU = Debug|Any CPU
		Release|Any CPU = Release|Any CPU
	EndGlobalSection
	GlobalSection(ProjectConfigurationPlatforms) = postSolution
		{098AB1EB-7703-410C-BBC3-88F4C01C678C}.Debug|Any CPU.ActiveCfg = Debug|Any CPU
		{098AB1EB-7703-410C-BBC3-88F4C01C678C}.Debug|Any CPU.Build.0 = Debug|Any CPU
		{098AB1EB-7703-410C-BBC3-88F4C01C678C}.Release|Any CPU.ActiveCfg = Release|Any CPU
		{098AB1EB-7703-410C-BBC3-88F4C01C678C}.Release|Any CPU.Build.0 = Release|Any CPU
	EndGlobalSection
	GlobalSection(SolutionProperties) = preSolution
		HideSolutionNode = FALSE
	EndGlobalSection
	GlobalSection(ExtensibilityGlobals) = postSolution
		SolutionGuid = {73E8345E-7772-4C12-8FC6-E774D97E5D98}
	EndGlobalSection
EndGlobal
