
Microsoft Visual Studio Solution File, Format Version 12.00
# Visual Studio Version 17
VisualStudioVersion = 17.13.35919.96 d17.13
MinimumVisualStudioVersion = 10.0.40219.1
Project("{FAE04EC0-301F-11D3-BF4B-00C04F79EFBC}") = "JobPortalAPI", "JobPortalAPI.csproj", "{944EFC4C-4EE2-41E8-BA83-1671DE447E52}"
EndProject
Global
	GlobalSection(SolutionConfigurationPlatforms) = preSolution
		Debug|Any CPU = Debug|Any CPU
		Release|Any CPU = Release|Any CPU
	EndGlobalSection
	GlobalSection(ProjectConfigurationPlatforms) = postSolution
		{944EFC4C-4EE2-41E8-BA83-1671DE447E52}.Debug|Any CPU.ActiveCfg = Debug|Any CPU
		{944EFC4C-4EE2-41E8-BA83-1671DE447E52}.Debug|Any CPU.Build.0 = Debug|Any CPU
		{944EFC4C-4EE2-41E8-BA83-1671DE447E52}.Release|Any CPU.ActiveCfg = Release|Any CPU
		{944EFC4C-4EE2-41E8-BA83-1671DE447E52}.Release|Any CPU.Build.0 = Release|Any CPU
	EndGlobalSection
	GlobalSection(SolutionProperties) = preSolution
		HideSolutionNode = FALSE
	EndGlobalSection
	GlobalSection(ExtensibilityGlobals) = postSolution
		SolutionGuid = {F0102852-9449-488C-8351-9F2995310165}
	EndGlobalSection
EndGlobal
