
Microsoft Visual Studio Solution File, Format Version 12.00
# Visual Studio Version 17
VisualStudioVersion = 17.13.35919.96 d17.13
MinimumVisualStudioVersion = 10.0.40219.1
Project("{FAE04EC0-301F-11D3-BF4B-00C04F79EFBC}") = "LINqusing array", "LINqusing array.csproj", "{03D12418-9930-4110-9554-4033412E3E8F}"
EndProject
Global
	GlobalSection(SolutionConfigurationPlatforms) = preSolution
		Debug|Any CPU = Debug|Any CPU
		Release|Any CPU = Release|Any CPU
	EndGlobalSection
	GlobalSection(ProjectConfigurationPlatforms) = postSolution
		{03D12418-9930-4110-9554-4033412E3E8F}.Debug|Any CPU.ActiveCfg = Debug|Any CPU
		{03D12418-9930-4110-9554-4033412E3E8F}.Debug|Any CPU.Build.0 = Debug|Any CPU
		{03D12418-9930-4110-9554-4033412E3E8F}.Release|Any CPU.ActiveCfg = Release|Any CPU
		{03D12418-9930-4110-9554-4033412E3E8F}.Release|Any CPU.Build.0 = Release|Any CPU
	EndGlobalSection
	GlobalSection(SolutionProperties) = preSolution
		HideSolutionNode = FALSE
	EndGlobalSection
	GlobalSection(ExtensibilityGlobals) = postSolution
		SolutionGuid = {C23E6C1F-FE46-4899-9649-3670A0AC405A}
	EndGlobalSection
EndGlobal
