
Microsoft Visual Studio Solution File, Format Version 12.00
# Visual Studio Version 17
VisualStudioVersion = 17.13.35919.96 d17.13
MinimumVisualStudioVersion = 10.0.40219.1
Project("{FAE04EC0-301F-11D3-BF4B-00C04F79EFBC}") = "Bank", "Bank.csproj", "{117D49BE-E9B8-4768-9199-AA1973121EB1}"
EndProject
Global
	GlobalSection(SolutionConfigurationPlatforms) = preSolution
		Debug|Any CPU = Debug|Any CPU
		Release|Any CPU = Release|Any CPU
	EndGlobalSection
	GlobalSection(ProjectConfigurationPlatforms) = postSolution
		{117D49BE-E9B8-4768-9199-AA1973121EB1}.Debug|Any CPU.ActiveCfg = Debug|Any CPU
		{117D49BE-E9B8-4768-9199-AA1973121EB1}.Debug|Any CPU.Build.0 = Debug|Any CPU
		{117D49BE-E9B8-4768-9199-AA1973121EB1}.Release|Any CPU.ActiveCfg = Release|Any CPU
		{117D49BE-E9B8-4768-9199-AA1973121EB1}.Release|Any CPU.Build.0 = Release|Any CPU
	EndGlobalSection
	GlobalSection(SolutionProperties) = preSolution
		HideSolutionNode = FALSE
	EndGlobalSection
	GlobalSection(ExtensibilityGlobals) = postSolution
		SolutionGuid = {BAA218A3-8440-4BD8-BDE6-550772E52009}
	EndGlobalSection
EndGlobal
