
Microsoft Visual Studio Solution File, Format Version 12.00
# Visual Studio Version 17
VisualStudioVersion = 17.13.35919.96 d17.13
MinimumVisualStudioVersion = 10.0.40219.1
Project("{FAE04EC0-301F-11D3-BF4B-00C04F79EFBC}") = "enum1", "enum1.csproj", "{0FF00436-3F1D-42E8-A9AD-080E16B12236}"
EndProject
Global
	GlobalSection(SolutionConfigurationPlatforms) = preSolution
		Debug|Any CPU = Debug|Any CPU
		Release|Any CPU = Release|Any CPU
	EndGlobalSection
	GlobalSection(ProjectConfigurationPlatforms) = postSolution
		{0FF00436-3F1D-42E8-A9AD-080E16B12236}.Debug|Any CPU.ActiveCfg = Debug|Any CPU
		{0FF00436-3F1D-42E8-A9AD-080E16B12236}.Debug|Any CPU.Build.0 = Debug|Any CPU
		{0FF00436-3F1D-42E8-A9AD-080E16B12236}.Release|Any CPU.ActiveCfg = Release|Any CPU
		{0FF00436-3F1D-42E8-A9AD-080E16B12236}.Release|Any CPU.Build.0 = Release|Any CPU
	EndGlobalSection
	GlobalSection(SolutionProperties) = preSolution
		HideSolutionNode = FALSE
	EndGlobalSection
	GlobalSection(ExtensibilityGlobals) = postSolution
		SolutionGuid = {10871B9F-7C44-484C-B43A-4FDDCB5797FB}
	EndGlobalSection
EndGlobal
