
Microsoft Visual Studio Solution File, Format Version 12.00
# Visual Studio Version 17
VisualStudioVersion = 17.13.35919.96 d17.13
MinimumVisualStudioVersion = 10.0.40219.1
Project("{FAE04EC0-301F-11D3-BF4B-00C04F79EFBC}") = "avarageof_five_sub", "avarageof_five_sub\avarageof_five_sub.csproj", "{96504EEE-86C7-4885-8A08-37E62ECC0560}"
EndProject
Global
	GlobalSection(SolutionConfigurationPlatforms) = preSolution
		Debug|Any CPU = Debug|Any CPU
		Release|Any CPU = Release|Any CPU
	EndGlobalSection
	GlobalSection(ProjectConfigurationPlatforms) = postSolution
		{96504EEE-86C7-4885-8A08-37E62ECC0560}.Debug|Any CPU.ActiveCfg = Debug|Any CPU
		{96504EEE-86C7-4885-8A08-37E62ECC0560}.Debug|Any CPU.Build.0 = Debug|Any CPU
		{96504EEE-86C7-4885-8A08-37E62ECC0560}.Release|Any CPU.ActiveCfg = Release|Any CPU
		{96504EEE-86C7-4885-8A08-37E62ECC0560}.Release|Any CPU.Build.0 = Release|Any CPU
	EndGlobalSection
	GlobalSection(SolutionProperties) = preSolution
		HideSolutionNode = FALSE
	EndGlobalSection
	GlobalSection(ExtensibilityGlobals) = postSolution
		SolutionGuid = {CF7969DA-74D7-4FB2-866F-CED070E99AC0}
	EndGlobalSection
EndGlobal
