
Microsoft Visual Studio Solution File, Format Version 12.00
# Visual Studio Version 17
VisualStudioVersion = 17.13.35919.96 d17.13
MinimumVisualStudioVersion = 10.0.40219.1
Project("{FAE04EC0-301F-11D3-BF4B-00C04F79EFBC}") = "alphabetical order", "alphabetical order\alphabetical order.csproj", "{FCC3CBDC-4877-49B6-ABF0-33F37416D18B}"
EndProject
Global
	GlobalSection(SolutionConfigurationPlatforms) = preSolution
		Debug|Any CPU = Debug|Any CPU
		Release|Any CPU = Release|Any CPU
	EndGlobalSection
	GlobalSection(ProjectConfigurationPlatforms) = postSolution
		{FCC3CBDC-4877-49B6-ABF0-33F37416D18B}.Debug|Any CPU.ActiveCfg = Debug|Any CPU
		{FCC3CBDC-4877-49B6-ABF0-33F37416D18B}.Debug|Any CPU.Build.0 = Debug|Any CPU
		{FCC3CBDC-4877-49B6-ABF0-33F37416D18B}.Release|Any CPU.ActiveCfg = Release|Any CPU
		{FCC3CBDC-4877-49B6-ABF0-33F37416D18B}.Release|Any CPU.Build.0 = Release|Any CPU
	EndGlobalSection
	GlobalSection(SolutionProperties) = preSolution
		HideSolutionNode = FALSE
	EndGlobalSection
	GlobalSection(ExtensibilityGlobals) = postSolution
		SolutionGuid = {B67E41FC-B68D-4957-AED0-44C869ACBF47}
	EndGlobalSection
EndGlobal
