
Microsoft Visual Studio Solution File, Format Version 12.00
# Visual Studio Version 17
VisualStudioVersion = 17.13.35919.96 d17.13
MinimumVisualStudioVersion = 10.0.40219.1
Project("{FAE04EC0-301F-11D3-BF4B-00C04F79EFBC}") = "patttern 2", "patttern 2\patttern 2.csproj", "{8A66AAD2-1969-45DE-845B-44EA8680EF51}"
EndProject
Global
	GlobalSection(SolutionConfigurationPlatforms) = preSolution
		Debug|Any CPU = Debug|Any CPU
		Release|Any CPU = Release|Any CPU
	EndGlobalSection
	GlobalSection(ProjectConfigurationPlatforms) = postSolution
		{8A66AAD2-1969-45DE-845B-44EA8680EF51}.Debug|Any CPU.ActiveCfg = Debug|Any CPU
		{8A66AAD2-1969-45DE-845B-44EA8680EF51}.Debug|Any CPU.Build.0 = Debug|Any CPU
		{8A66AAD2-1969-45DE-845B-44EA8680EF51}.Release|Any CPU.ActiveCfg = Release|Any CPU
		{8A66AAD2-1969-45DE-845B-44EA8680EF51}.Release|Any CPU.Build.0 = Release|Any CPU
	EndGlobalSection
	GlobalSection(SolutionProperties) = preSolution
		HideSolutionNode = FALSE
	EndGlobalSection
	GlobalSection(ExtensibilityGlobals) = postSolution
		SolutionGuid = {5AF7DD2C-D111-43E0-B8AC-BD78973D1ADA}
	EndGlobalSection
EndGlobal
