
Microsoft Visual Studio Solution File, Format Version 12.00
# Visual Studio Version 17
VisualStudioVersion = 17.13.35919.96 d17.13
MinimumVisualStudioVersion = 10.0.40219.1
Project("{FAE04EC0-301F-11D3-BF4B-00C04F79EFBC}") = "SimpleAuthentication", "SimpleAuthentication\SimpleAuthentication.csproj", "{01FDF618-F435-4AC1-B7B0-76C9704B5452}"
EndProject
Global
	GlobalSection(SolutionConfigurationPlatforms) = preSolution
		Debug|Any CPU = Debug|Any CPU
		Release|Any CPU = Release|Any CPU
	EndGlobalSection
	GlobalSection(ProjectConfigurationPlatforms) = postSolution
		{01FDF618-F435-4AC1-B7B0-76C9704B5452}.Debug|Any CPU.ActiveCfg = Debug|Any CPU
		{01FDF618-F435-4AC1-B7B0-76C9704B5452}.Debug|Any CPU.Build.0 = Debug|Any CPU
		{01FDF618-F435-4AC1-B7B0-76C9704B5452}.Release|Any CPU.ActiveCfg = Release|Any CPU
		{01FDF618-F435-4AC1-B7B0-76C9704B5452}.Release|Any CPU.Build.0 = Release|Any CPU
	EndGlobalSection
	GlobalSection(SolutionProperties) = preSolution
		HideSolutionNode = FALSE
	EndGlobalSection
	GlobalSection(ExtensibilityGlobals) = postSolution
		SolutionGuid = {3CC17CF0-5DC2-47D3-86B4-808E1980168E}
	EndGlobalSection
EndGlobal
