
Microsoft Visual Studio Solution File, Format Version 12.00
# Visual Studio Version 17
VisualStudioVersion = 17.13.35919.96 d17.13
MinimumVisualStudioVersion = 10.0.40219.1
Project("{FAE04EC0-301F-11D3-BF4B-00C04F79EFBC}") = "Activity7", "Activity7.csproj", "{F58DFCB4-A443-4808-9F14-3648D8B0761B}"
EndProject
Global
	GlobalSection(SolutionConfigurationPlatforms) = preSolution
		Debug|Any CPU = Debug|Any CPU
		Release|Any CPU = Release|Any CPU
	EndGlobalSection
	GlobalSection(ProjectConfigurationPlatforms) = postSolution
		{F58DFCB4-A443-4808-9F14-3648D8B0761B}.Debug|Any CPU.ActiveCfg = Debug|Any CPU
		{F58DFCB4-A443-4808-9F14-3648D8B0761B}.Debug|Any CPU.Build.0 = Debug|Any CPU
		{F58DFCB4-A443-4808-9F14-3648D8B0761B}.Release|Any CPU.ActiveCfg = Release|Any CPU
		{F58DFCB4-A443-4808-9F14-3648D8B0761B}.Release|Any CPU.Build.0 = Release|Any CPU
	EndGlobalSection
	GlobalSection(SolutionProperties) = preSolution
		HideSolutionNode = FALSE
	EndGlobalSection
	GlobalSection(ExtensibilityGlobals) = postSolution
		SolutionGuid = {F8309B40-0D42-4A19-B5D6-5540BFA9099B}
	EndGlobalSection
EndGlobal
