
Microsoft Visual Studio Solution File, Format Version 12.00
# Visual Studio Version 17
VisualStudioVersion = 17.13.35919.96 d17.13
MinimumVisualStudioVersion = 10.0.40219.1
Project("{FAE04EC0-301F-11D3-BF4B-00C04F79EFBC}") = "pattern 3", "pattern 3\pattern 3.csproj", "{76689F1E-1C3C-440D-B9BF-CC8E93982551}"
EndProject
Global
	GlobalSection(SolutionConfigurationPlatforms) = preSolution
		Debug|Any CPU = Debug|Any CPU
		Release|Any CPU = Release|Any CPU
	EndGlobalSection
	GlobalSection(ProjectConfigurationPlatforms) = postSolution
		{76689F1E-1C3C-440D-B9BF-CC8E93982551}.Debug|Any CPU.ActiveCfg = Debug|Any CPU
		{76689F1E-1C3C-440D-B9BF-CC8E93982551}.Debug|Any CPU.Build.0 = Debug|Any CPU
		{76689F1E-1C3C-440D-B9BF-CC8E93982551}.Release|Any CPU.ActiveCfg = Release|Any CPU
		{76689F1E-1C3C-440D-B9BF-CC8E93982551}.Release|Any CPU.Build.0 = Release|Any CPU
	EndGlobalSection
	GlobalSection(SolutionProperties) = preSolution
		HideSolutionNode = FALSE
	EndGlobalSection
	GlobalSection(ExtensibilityGlobals) = postSolution
		SolutionGuid = {D4B66B93-3E01-41B8-AFC0-6DD2D6C4CF65}
	EndGlobalSection
EndGlobal
