
Microsoft Visual Studio Solution File, Format Version 12.00
# Visual Studio Version 17
VisualStudioVersion = 17.13.35919.96 d17.13
MinimumVisualStudioVersion = 10.0.40219.1
Project("{FAE04EC0-301F-11D3-BF4B-00C04F79EFBC}") = "student", "student.csproj", "{EEFDDF13-88EA-4FEA-B44C-CF6E745C7623}"
EndProject
Global
	GlobalSection(SolutionConfigurationPlatforms) = preSolution
		Debug|Any CPU = Debug|Any CPU
		Release|Any CPU = Release|Any CPU
	EndGlobalSection
	GlobalSection(ProjectConfigurationPlatforms) = postSolution
		{EEFDDF13-88EA-4FEA-B44C-CF6E745C7623}.Debug|Any CPU.ActiveCfg = Debug|Any CPU
		{EEFDDF13-88EA-4FEA-B44C-CF6E745C7623}.Debug|Any CPU.Build.0 = Debug|Any CPU
		{EEFDDF13-88EA-4FEA-B44C-CF6E745C7623}.Release|Any CPU.ActiveCfg = Release|Any CPU
		{EEFDDF13-88EA-4FEA-B44C-CF6E745C7623}.Release|Any CPU.Build.0 = Release|Any CPU
	EndGlobalSection
	GlobalSection(SolutionProperties) = preSolution
		HideSolutionNode = FALSE
	EndGlobalSection
	GlobalSection(ExtensibilityGlobals) = postSolution
		SolutionGuid = {BB3DD017-FF3C-4124-AEF4-45358FD32699}
	EndGlobalSection
EndGlobal
