
Microsoft Visual Studio Solution File, Format Version 12.00
# Visual Studio Version 17
VisualStudioVersion = 17.13.35919.96 d17.13
MinimumVisualStudioVersion = 10.0.40219.1
Project("{FAE04EC0-301F-11D3-BF4B-00C04F79EFBC}") = "Stack", "Stack\Stack.csproj", "{D199B744-15A1-4CB1-9A08-F81F0EF19AE9}"
EndProject
Global
	GlobalSection(SolutionConfigurationPlatforms) = preSolution
		Debug|Any CPU = Debug|Any CPU
		Release|Any CPU = Release|Any CPU
	EndGlobalSection
	GlobalSection(ProjectConfigurationPlatforms) = postSolution
		{D199B744-15A1-4CB1-9A08-F81F0EF19AE9}.Debug|Any CPU.ActiveCfg = Debug|Any CPU
		{D199B744-15A1-4CB1-9A08-F81F0EF19AE9}.Debug|Any CPU.Build.0 = Debug|Any CPU
		{D199B744-15A1-4CB1-9A08-F81F0EF19AE9}.Release|Any CPU.ActiveCfg = Release|Any CPU
		{D199B744-15A1-4CB1-9A08-F81F0EF19AE9}.Release|Any CPU.Build.0 = Release|Any CPU
	EndGlobalSection
	GlobalSection(SolutionProperties) = preSolution
		HideSolutionNode = FALSE
	EndGlobalSection
	GlobalSection(ExtensibilityGlobals) = postSolution
		SolutionGuid = {4385E5C6-5765-4B8C-AB65-75C938DF3655}
	EndGlobalSection
EndGlobal
