
Microsoft Visual Studio Solution File, Format Version 12.00
# Visual Studio Version 17
VisualStudioVersion = 17.13.35919.96 d17.13
MinimumVisualStudioVersion = 10.0.40219.1
Project("{FAE04EC0-301F-11D3-BF4B-00C04F79EFBC}") = "student_details", "student_details.csproj", "{48DF3E5C-9825-46D7-A0CC-162EF94C455A}"
EndProject
Global
	GlobalSection(SolutionConfigurationPlatforms) = preSolution
		Debug|Any CPU = Debug|Any CPU
		Release|Any CPU = Release|Any CPU
	EndGlobalSection
	GlobalSection(ProjectConfigurationPlatforms) = postSolution
		{48DF3E5C-9825-46D7-A0CC-162EF94C455A}.Debug|Any CPU.ActiveCfg = Debug|Any CPU
		{48DF3E5C-9825-46D7-A0CC-162EF94C455A}.Debug|Any CPU.Build.0 = Debug|Any CPU
		{48DF3E5C-9825-46D7-A0CC-162EF94C455A}.Release|Any CPU.ActiveCfg = Release|Any CPU
		{48DF3E5C-9825-46D7-A0CC-162EF94C455A}.Release|Any CPU.Build.0 = Release|Any CPU
	EndGlobalSection
	GlobalSection(SolutionProperties) = preSolution
		HideSolutionNode = FALSE
	EndGlobalSection
	GlobalSection(ExtensibilityGlobals) = postSolution
		SolutionGuid = {1D0A265F-8C7D-4064-8F3F-59008D43F7B5}
	EndGlobalSection
EndGlobal
