
Microsoft Visual Studio Solution File, Format Version 12.00
# Visual Studio Version 17
VisualStudioVersion = 17.13.35919.96 d17.13
MinimumVisualStudioVersion = 10.0.40219.1
Project("{FAE04EC0-301F-11D3-BF4B-00C04F79EFBC}") = "find the smallest", "find the smallest\find the smallest.csproj", "{875E5EF2-8656-48E0-B224-902E30DABA1D}"
EndProject
Global
	GlobalSection(SolutionConfigurationPlatforms) = preSolution
		Debug|Any CPU = Debug|Any CPU
		Release|Any CPU = Release|Any CPU
	EndGlobalSection
	GlobalSection(ProjectConfigurationPlatforms) = postSolution
		{875E5EF2-8656-48E0-B224-902E30DABA1D}.Debug|Any CPU.ActiveCfg = Debug|Any CPU
		{875E5EF2-8656-48E0-B224-902E30DABA1D}.Debug|Any CPU.Build.0 = Debug|Any CPU
		{875E5EF2-8656-48E0-B224-902E30DABA1D}.Release|Any CPU.ActiveCfg = Release|Any CPU
		{875E5EF2-8656-48E0-B224-902E30DABA1D}.Release|Any CPU.Build.0 = Release|Any CPU
	EndGlobalSection
	GlobalSection(SolutionProperties) = preSolution
		HideSolutionNode = FALSE
	EndGlobalSection
	GlobalSection(ExtensibilityGlobals) = postSolution
		SolutionGuid = {BB534A4A-4181-42C7-B27B-CFC91F821D4A}
	EndGlobalSection
EndGlobal
