
Microsoft Visual Studio Solution File, Format Version 12.00
# Visual Studio Version 17
VisualStudioVersion = 17.13.35919.96 d17.13
MinimumVisualStudioVersion = 10.0.40219.1
Project("{FAE04EC0-301F-11D3-BF4B-00C04F79EFBC}") = "activitywhile", "activitywhile.csproj", "{34D1645E-0C84-42A9-9183-0E3CB569F82C}"
EndProject
Global
	GlobalSection(SolutionConfigurationPlatforms) = preSolution
		Debug|Any CPU = Debug|Any CPU
		Release|Any CPU = Release|Any CPU
	EndGlobalSection
	GlobalSection(ProjectConfigurationPlatforms) = postSolution
		{34D1645E-0C84-42A9-9183-0E3CB569F82C}.Debug|Any CPU.ActiveCfg = Debug|Any CPU
		{34D1645E-0C84-42A9-9183-0E3CB569F82C}.Debug|Any CPU.Build.0 = Debug|Any CPU
		{34D1645E-0C84-42A9-9183-0E3CB569F82C}.Release|Any CPU.ActiveCfg = Release|Any CPU
		{34D1645E-0C84-42A9-9183-0E3CB569F82C}.Release|Any CPU.Build.0 = Release|Any CPU
	EndGlobalSection
	GlobalSection(SolutionProperties) = preSolution
		HideSolutionNode = FALSE
	EndGlobalSection
	GlobalSection(ExtensibilityGlobals) = postSolution
		SolutionGuid = {CB707FD3-7071-4A90-B43B-C23BA2E14352}
	EndGlobalSection
EndGlobal
