
Microsoft Visual Studio Solution File, Format Version 12.00
# Visual Studio Version 17
VisualStudioVersion = 17.13.35919.96 d17.13
MinimumVisualStudioVersion = 10.0.40219.1
Project("{FAE04EC0-301F-11D3-BF4B-00C04F79EFBC}") = "SimpleAuth", "SimpleAuth\SimpleAuth.csproj", "{BA92E2F3-D194-4CD0-861B-B83FFFE88D6F}"
EndProject
Global
	GlobalSection(SolutionConfigurationPlatforms) = preSolution
		Debug|Any CPU = Debug|Any CPU
		Release|Any CPU = Release|Any CPU
	EndGlobalSection
	GlobalSection(ProjectConfigurationPlatforms) = postSolution
		{BA92E2F3-D194-4CD0-861B-B83FFFE88D6F}.Debug|Any CPU.ActiveCfg = Debug|Any CPU
		{BA92E2F3-D194-4CD0-861B-B83FFFE88D6F}.Debug|Any CPU.Build.0 = Debug|Any CPU
		{BA92E2F3-D194-4CD0-861B-B83FFFE88D6F}.Release|Any CPU.ActiveCfg = Release|Any CPU
		{BA92E2F3-D194-4CD0-861B-B83FFFE88D6F}.Release|Any CPU.Build.0 = Release|Any CPU
	EndGlobalSection
	GlobalSection(SolutionProperties) = preSolution
		HideSolutionNode = FALSE
	EndGlobalSection
	GlobalSection(ExtensibilityGlobals) = postSolution
		SolutionGuid = {D552B2A7-1F21-474B-870D-33D04582A97F}
	EndGlobalSection
EndGlobal
