
Microsoft Visual Studio Solution File, Format Version 12.00
# Visual Studio Version 17
VisualStudioVersion = 17.13.35919.96 d17.13
MinimumVisualStudioVersion = 10.0.40219.1
Project("{FAE04EC0-301F-11D3-BF4B-00C04F79EFBC}") = "Activity14", "Activity14.csproj", "{3375BB00-D8A5-4481-BF94-69FDA843266D}"
EndProject
Global
	GlobalSection(SolutionConfigurationPlatforms) = preSolution
		Debug|Any CPU = Debug|Any CPU
		Release|Any CPU = Release|Any CPU
	EndGlobalSection
	GlobalSection(ProjectConfigurationPlatforms) = postSolution
		{3375BB00-D8A5-4481-BF94-69FDA843266D}.Debug|Any CPU.ActiveCfg = Debug|Any CPU
		{3375BB00-D8A5-4481-BF94-69FDA843266D}.Debug|Any CPU.Build.0 = Debug|Any CPU
		{3375BB00-D8A5-4481-BF94-69FDA843266D}.Release|Any CPU.ActiveCfg = Release|Any CPU
		{3375BB00-D8A5-4481-BF94-69FDA843266D}.Release|Any CPU.Build.0 = Release|Any CPU
	EndGlobalSection
	GlobalSection(SolutionProperties) = preSolution
		HideSolutionNode = FALSE
	EndGlobalSection
	GlobalSection(ExtensibilityGlobals) = postSolution
		SolutionGuid = {AB9700E8-F864-425A-97A9-6B627AE8231B}
	EndGlobalSection
EndGlobal
