
Microsoft Visual Studio Solution File, Format Version 12.00
# Visual Studio Version 17
VisualStudioVersion = 17.13.35919.96 d17.13
MinimumVisualStudioVersion = 10.0.40219.1
Project("{FAE04EC0-301F-11D3-BF4B-00C04F79EFBC}") = "Palindrome", "Palindrome\Palindrome.csproj", "{5F59F696-ABC1-4494-ADC5-8F28F65D8E66}"
EndProject
Global
	GlobalSection(SolutionConfigurationPlatforms) = preSolution
		Debug|Any CPU = Debug|Any CPU
		Release|Any CPU = Release|Any CPU
	EndGlobalSection
	GlobalSection(ProjectConfigurationPlatforms) = postSolution
		{5F59F696-ABC1-4494-ADC5-8F28F65D8E66}.Debug|Any CPU.ActiveCfg = Debug|Any CPU
		{5F59F696-ABC1-4494-ADC5-8F28F65D8E66}.Debug|Any CPU.Build.0 = Debug|Any CPU
		{5F59F696-ABC1-4494-ADC5-8F28F65D8E66}.Release|Any CPU.ActiveCfg = Release|Any CPU
		{5F59F696-ABC1-4494-ADC5-8F28F65D8E66}.Release|Any CPU.Build.0 = Release|Any CPU
	EndGlobalSection
	GlobalSection(SolutionProperties) = preSolution
		HideSolutionNode = FALSE
	EndGlobalSection
	GlobalSection(ExtensibilityGlobals) = postSolution
		SolutionGuid = {35B8F4F8-DB12-4F53-BC5B-7F5EFE99E7CF}
	EndGlobalSection
EndGlobal
