
Microsoft Visual Studio Solution File, Format Version 12.00
# Visual Studio Version 17
VisualStudioVersion = 17.13.35919.96 d17.13
MinimumVisualStudioVersion = 10.0.40219.1
Project("{FAE04EC0-301F-11D3-BF4B-00C04F79EFBC}") = "Bus Ticket Booking System", "Bus Ticket Booking System.csproj", "{5B3A0DC0-2693-446C-AEBA-2A110A918ABB}"
EndProject
Global
	GlobalSection(SolutionConfigurationPlatforms) = preSolution
		Debug|Any CPU = Debug|Any CPU
		Release|Any CPU = Release|Any CPU
	EndGlobalSection
	GlobalSection(ProjectConfigurationPlatforms) = postSolution
		{5B3A0DC0-2693-446C-AEBA-2A110A918ABB}.Debug|Any CPU.ActiveCfg = Debug|Any CPU
		{5B3A0DC0-2693-446C-AEBA-2A110A918ABB}.Debug|Any CPU.Build.0 = Debug|Any CPU
		{5B3A0DC0-2693-446C-AEBA-2A110A918ABB}.Release|Any CPU.ActiveCfg = Release|Any CPU
		{5B3A0DC0-2693-446C-AEBA-2A110A918ABB}.Release|Any CPU.Build.0 = Release|Any CPU
	EndGlobalSection
	GlobalSection(SolutionProperties) = preSolution
		HideSolutionNode = FALSE
	EndGlobalSection
	GlobalSection(ExtensibilityGlobals) = postSolution
		SolutionGuid = {73B6397A-F685-409F-AB5A-7FBC621F5A0B}
	EndGlobalSection
EndGlobal
