
Microsoft Visual Studio Solution File, Format Version 12.00
# Visual Studio Version 17
VisualStudioVersion = 17.13.35919.96 d17.13
MinimumVisualStudioVersion = 10.0.40219.1
Project("{FAE04EC0-301F-11D3-BF4B-00C04F79EFBC}") = "check_largest", "check_largest\check_largest.csproj", "{A019BF86-ACAE-4EA8-AF43-EF446D0542A7}"
EndProject
Global
	GlobalSection(SolutionConfigurationPlatforms) = preSolution
		Debug|Any CPU = Debug|Any CPU
		Release|Any CPU = Release|Any CPU
	EndGlobalSection
	GlobalSection(ProjectConfigurationPlatforms) = postSolution
		{A019BF86-ACAE-4EA8-AF43-EF446D0542A7}.Debug|Any CPU.ActiveCfg = Debug|Any CPU
		{A019BF86-ACAE-4EA8-AF43-EF446D0542A7}.Debug|Any CPU.Build.0 = Debug|Any CPU
		{A019BF86-ACAE-4EA8-AF43-EF446D0542A7}.Release|Any CPU.ActiveCfg = Release|Any CPU
		{A019BF86-ACAE-4EA8-AF43-EF446D0542A7}.Release|Any CPU.Build.0 = Release|Any CPU
	EndGlobalSection
	GlobalSection(SolutionProperties) = preSolution
		HideSolutionNode = FALSE
	EndGlobalSection
	GlobalSection(ExtensibilityGlobals) = postSolution
		SolutionGuid = {471E8BE7-D9CB-407A-9B0C-AE0FCD0EF623}
	EndGlobalSection
EndGlobal
