
Microsoft Visual Studio Solution File, Format Version 12.00
# Visual Studio Version 17
VisualStudioVersion = 17.13.35919.96 d17.13
MinimumVisualStudioVersion = 10.0.40219.1
Project("{FAE04EC0-301F-11D3-BF4B-00C04F79EFBC}") = "dowhile2", "dowhile2.csproj", "{15AEA9C0-3ACC-4BF4-8DB6-64772467BEA1}"
EndProject
Global
	GlobalSection(SolutionConfigurationPlatforms) = preSolution
		Debug|Any CPU = Debug|Any CPU
		Release|Any CPU = Release|Any CPU
	EndGlobalSection
	GlobalSection(ProjectConfigurationPlatforms) = postSolution
		{15AEA9C0-3ACC-4BF4-8DB6-64772467BEA1}.Debug|Any CPU.ActiveCfg = Debug|Any CPU
		{15AEA9C0-3ACC-4BF4-8DB6-64772467BEA1}.Debug|Any CPU.Build.0 = Debug|Any CPU
		{15AEA9C0-3ACC-4BF4-8DB6-64772467BEA1}.Release|Any CPU.ActiveCfg = Release|Any CPU
		{15AEA9C0-3ACC-4BF4-8DB6-64772467BEA1}.Release|Any CPU.Build.0 = Release|Any CPU
	EndGlobalSection
	GlobalSection(SolutionProperties) = preSolution
		HideSolutionNode = FALSE
	EndGlobalSection
	GlobalSection(ExtensibilityGlobals) = postSolution
		SolutionGuid = {12D8C365-3423-4A22-AB9E-B136E0594D7F}
	EndGlobalSection
EndGlobal
