
Microsoft Visual Studio Solution File, Format Version 12.00
# Visual Studio Version 17
VisualStudioVersion = 17.13.35919.96 d17.13
MinimumVisualStudioVersion = 10.0.40219.1
Project("{FAE04EC0-301F-11D3-BF4B-00C04F79EFBC}") = "Activity 2. extra 3", "Activity 2. extra 3\Activity 2. extra 3.csproj", "{9C5A597B-B05C-4FD7-9550-E1C59609423E}"
EndProject
Global
	GlobalSection(SolutionConfigurationPlatforms) = preSolution
		Debug|Any CPU = Debug|Any CPU
		Release|Any CPU = Release|Any CPU
	EndGlobalSection
	GlobalSection(ProjectConfigurationPlatforms) = postSolution
		{9C5A597B-B05C-4FD7-9550-E1C59609423E}.Debug|Any CPU.ActiveCfg = Debug|Any CPU
		{9C5A597B-B05C-4FD7-9550-E1C59609423E}.Debug|Any CPU.Build.0 = Debug|Any CPU
		{9C5A597B-B05C-4FD7-9550-E1C59609423E}.Release|Any CPU.ActiveCfg = Release|Any CPU
		{9C5A597B-B05C-4FD7-9550-E1C59609423E}.Release|Any CPU.Build.0 = Release|Any CPU
	EndGlobalSection
	GlobalSection(SolutionProperties) = preSolution
		HideSolutionNode = FALSE
	EndGlobalSection
	GlobalSection(ExtensibilityGlobals) = postSolution
		SolutionGuid = {911A6675-1B38-4B0A-B75A-E25FA5CBA6EE}
	EndGlobalSection
EndGlobal
