
Microsoft Visual Studio Solution File, Format Version 12.00
# Visual Studio Version 17
VisualStudioVersion = 17.13.35919.96
MinimumVisualStudioVersion = 10.0.40219.1
Project("{FAE04EC0-301F-11D3-BF4B-00C04F79EFBC}") = "WorkshopJobProviderApp", "WorkshopJobProviderApp.csproj", "{A2985300-B93D-41A5-9C93-B4D64C6AE2C3}"
EndProject
Global
	GlobalSection(SolutionConfigurationPlatforms) = preSolution
		Debug|Any CPU = Debug|Any CPU
		Release|Any CPU = Release|Any CPU
	EndGlobalSection
	GlobalSection(ProjectConfigurationPlatforms) = postSolution
		{A2985300-B93D-41A5-9C93-B4D64C6AE2C3}.Debug|Any CPU.ActiveCfg = Debug|Any CPU
		{A2985300-B93D-41A5-9C93-B4D64C6AE2C3}.Debug|Any CPU.Build.0 = Debug|Any CPU
		{A2985300-B93D-41A5-9C93-B4D64C6AE2C3}.Release|Any CPU.ActiveCfg = Release|Any CPU
		{A2985300-B93D-41A5-9C93-B4D64C6AE2C3}.Release|Any CPU.Build.0 = Release|Any CPU
	EndGlobalSection
	GlobalSection(SolutionProperties) = preSolution
		HideSolutionNode = FALSE
	EndGlobalSection
	GlobalSection(ExtensibilityGlobals) = postSolution
		SolutionGuid = {2D5F0C6B-54D3-4ED4-A8C0-73C0BC1E8BEA}
	EndGlobalSection
EndGlobal
