
Microsoft Visual Studio Solution File, Format Version 12.00
# Visual Studio Version 17
VisualStudioVersion = 17.13.35919.96 d17.13
MinimumVisualStudioVersion = 10.0.40219.1
Project("{FAE04EC0-301F-11D3-BF4B-00C04F79EFBC}") = "largest three numbers", "largest three numbers\largest three numbers.csproj", "{1E276FEB-CCB3-4947-8A46-5B6E74103A2A}"
EndProject
Global
	GlobalSection(SolutionConfigurationPlatforms) = preSolution
		Debug|Any CPU = Debug|Any CPU
		Release|Any CPU = Release|Any CPU
	EndGlobalSection
	GlobalSection(ProjectConfigurationPlatforms) = postSolution
		{1E276FEB-CCB3-4947-8A46-5B6E74103A2A}.Debug|Any CPU.ActiveCfg = Debug|Any CPU
		{1E276FEB-CCB3-4947-8A46-5B6E74103A2A}.Debug|Any CPU.Build.0 = Debug|Any CPU
		{1E276FEB-CCB3-4947-8A46-5B6E74103A2A}.Release|Any CPU.ActiveCfg = Release|Any CPU
		{1E276FEB-CCB3-4947-8A46-5B6E74103A2A}.Release|Any CPU.Build.0 = Release|Any CPU
	EndGlobalSection
	GlobalSection(SolutionProperties) = preSolution
		HideSolutionNode = FALSE
	EndGlobalSection
	GlobalSection(ExtensibilityGlobals) = postSolution
		SolutionGuid = {A964593E-B9D5-413B-8BE0-4F5127ECB256}
	EndGlobalSection
EndGlobal
