
Microsoft Visual Studio Solution File, Format Version 12.00
# Visual Studio Version 17
VisualStudioVersion = 17.13.35919.96 d17.13
MinimumVisualStudioVersion = 10.0.40219.1
Project("{FAE04EC0-301F-11D3-BF4B-00C04F79EFBC}") = "Transport", "Transport\Transport.csproj", "{FAE26FE5-5488-48B2-9CC2-6531825E0475}"
EndProject
Global
	GlobalSection(SolutionConfigurationPlatforms) = preSolution
		Debug|Any CPU = Debug|Any CPU
		Release|Any CPU = Release|Any CPU
	EndGlobalSection
	GlobalSection(ProjectConfigurationPlatforms) = postSolution
		{FAE26FE5-5488-48B2-9CC2-6531825E0475}.Debug|Any CPU.ActiveCfg = Debug|Any CPU
		{FAE26FE5-5488-48B2-9CC2-6531825E0475}.Debug|Any CPU.Build.0 = Debug|Any CPU
		{FAE26FE5-5488-48B2-9CC2-6531825E0475}.Release|Any CPU.ActiveCfg = Release|Any CPU
		{FAE26FE5-5488-48B2-9CC2-6531825E0475}.Release|Any CPU.Build.0 = Release|Any CPU
	EndGlobalSection
	GlobalSection(SolutionProperties) = preSolution
		HideSolutionNode = FALSE
	EndGlobalSection
	GlobalSection(ExtensibilityGlobals) = postSolution
		SolutionGuid = {4901FEDC-620D-420D-8990-CEBE9AF409D7}
	EndGlobalSection
EndGlobal
