
Microsoft Visual Studio Solution File, Format Version 12.00
# Visual Studio Version 17
VisualStudioVersion = 17.13.35919.96 d17.13
MinimumVisualStudioVersion = 10.0.40219.1
Project("{FAE04EC0-301F-11D3-BF4B-00C04F79EFBC}") = "valid_posative_intiger", "valid_posative_intiger\valid_posative_intiger.csproj", "{B25D750C-2E3D-4D1D-8F92-0AE576D7BDA1}"
EndProject
Global
	GlobalSection(SolutionConfigurationPlatforms) = preSolution
		Debug|Any CPU = Debug|Any CPU
		Release|Any CPU = Release|Any CPU
	EndGlobalSection
	GlobalSection(ProjectConfigurationPlatforms) = postSolution
		{B25D750C-2E3D-4D1D-8F92-0AE576D7BDA1}.Debug|Any CPU.ActiveCfg = Debug|Any CPU
		{B25D750C-2E3D-4D1D-8F92-0AE576D7BDA1}.Debug|Any CPU.Build.0 = Debug|Any CPU
		{B25D750C-2E3D-4D1D-8F92-0AE576D7BDA1}.Release|Any CPU.ActiveCfg = Release|Any CPU
		{B25D750C-2E3D-4D1D-8F92-0AE576D7BDA1}.Release|Any CPU.Build.0 = Release|Any CPU
	EndGlobalSection
	GlobalSection(SolutionProperties) = preSolution
		HideSolutionNode = FALSE
	EndGlobalSection
	GlobalSection(ExtensibilityGlobals) = postSolution
		SolutionGuid = {389D69BD-A4CF-46C6-81C2-5AB50905A50B}
	EndGlobalSection
EndGlobal
