
Microsoft Visual Studio Solution File, Format Version 12.00
# Visual Studio Version 17
VisualStudioVersion = 17.13.35919.96 d17.13
MinimumVisualStudioVersion = 10.0.40219.1
Project("{FAE04EC0-301F-11D3-BF4B-00C04F79EFBC}") = "jaggy array", "jaggy array.csproj", "{D2818572-2CBE-4E20-A321-E0723480ADB3}"
EndProject
Global
	GlobalSection(SolutionConfigurationPlatforms) = preSolution
		Debug|Any CPU = Debug|Any CPU
		Release|Any CPU = Release|Any CPU
	EndGlobalSection
	GlobalSection(ProjectConfigurationPlatforms) = postSolution
		{D2818572-2CBE-4E20-A321-E0723480ADB3}.Debug|Any CPU.ActiveCfg = Debug|Any CPU
		{D2818572-2CBE-4E20-A321-E0723480ADB3}.Debug|Any CPU.Build.0 = Debug|Any CPU
		{D2818572-2CBE-4E20-A321-E0723480ADB3}.Release|Any CPU.ActiveCfg = Release|Any CPU
		{D2818572-2CBE-4E20-A321-E0723480ADB3}.Release|Any CPU.Build.0 = Release|Any CPU
	EndGlobalSection
	GlobalSection(SolutionProperties) = preSolution
		HideSolutionNode = FALSE
	EndGlobalSection
	GlobalSection(ExtensibilityGlobals) = postSolution
		SolutionGuid = {5B016A48-E29B-483C-B05C-2F1D22ED276C}
	EndGlobalSection
EndGlobal
