
Microsoft Visual Studio Solution File, Format Version 12.00
# Visual Studio Version 17
VisualStudioVersion = 17.13.35919.96 d17.13
MinimumVisualStudioVersion = 10.0.40219.1
Project("{FAE04EC0-301F-11D3-BF4B-00C04F79EFBC}") = "SortedList with Custom Object", "SortedList with Custom Object\SortedList with Custom Object.csproj", "{37F049F4-7312-4B2D-9F76-D62BA75991D3}"
EndProject
Global
	GlobalSection(SolutionConfigurationPlatforms) = preSolution
		Debug|Any CPU = Debug|Any CPU
		Release|Any CPU = Release|Any CPU
	EndGlobalSection
	GlobalSection(ProjectConfigurationPlatforms) = postSolution
		{37F049F4-7312-4B2D-9F76-D62BA75991D3}.Debug|Any CPU.ActiveCfg = Debug|Any CPU
		{37F049F4-7312-4B2D-9F76-D62BA75991D3}.Debug|Any CPU.Build.0 = Debug|Any CPU
		{37F049F4-7312-4B2D-9F76-D62BA75991D3}.Release|Any CPU.ActiveCfg = Release|Any CPU
		{37F049F4-7312-4B2D-9F76-D62BA75991D3}.Release|Any CPU.Build.0 = Release|Any CPU
	EndGlobalSection
	GlobalSection(SolutionProperties) = preSolution
		HideSolutionNode = FALSE
	EndGlobalSection
	GlobalSection(ExtensibilityGlobals) = postSolution
		SolutionGuid = {C1CC71D9-199F-4809-BEC9-DAFA384A7314}
	EndGlobalSection
EndGlobal
