
Microsoft Visual Studio Solution File, Format Version 12.00
# Visual Studio Version 17
VisualStudioVersion = 17.13.35919.96 d17.13
MinimumVisualStudioVersion = 10.0.40219.1
Project("{FAE04EC0-301F-11D3-BF4B-00C04F79EFBC}") = "Oldest", "Oldest\Oldest.csproj", "{48567B2F-0F97-4433-A795-1DF4C98D2A3B}"
EndProject
Global
	GlobalSection(SolutionConfigurationPlatforms) = preSolution
		Debug|Any CPU = Debug|Any CPU
		Release|Any CPU = Release|Any CPU
	EndGlobalSection
	GlobalSection(ProjectConfigurationPlatforms) = postSolution
		{48567B2F-0F97-4433-A795-1DF4C98D2A3B}.Debug|Any CPU.ActiveCfg = Debug|Any CPU
		{48567B2F-0F97-4433-A795-1DF4C98D2A3B}.Debug|Any CPU.Build.0 = Debug|Any CPU
		{48567B2F-0F97-4433-A795-1DF4C98D2A3B}.Release|Any CPU.ActiveCfg = Release|Any CPU
		{48567B2F-0F97-4433-A795-1DF4C98D2A3B}.Release|Any CPU.Build.0 = Release|Any CPU
	EndGlobalSection
	GlobalSection(SolutionProperties) = preSolution
		HideSolutionNode = FALSE
	EndGlobalSection
	GlobalSection(ExtensibilityGlobals) = postSolution
		SolutionGuid = {ED45E648-721F-4605-A75C-177472100FB5}
	EndGlobalSection
EndGlobal
