
Microsoft Visual Studio Solution File, Format Version 12.00
# Visual Studio Version 17
VisualStudioVersion = 17.13.35919.96 d17.13
MinimumVisualStudioVersion = 10.0.40219.1
Project("{FAE04EC0-301F-11D3-BF4B-00C04F79EFBC}") = "Rectangle", "Rectangle\Rectangle.csproj", "{9B0125F7-0C80-4A66-9F72-30D80503430B}"
EndProject
Global
	GlobalSection(SolutionConfigurationPlatforms) = preSolution
		Debug|Any CPU = Debug|Any CPU
		Release|Any CPU = Release|Any CPU
	EndGlobalSection
	GlobalSection(ProjectConfigurationPlatforms) = postSolution
		{9B0125F7-0C80-4A66-9F72-30D80503430B}.Debug|Any CPU.ActiveCfg = Debug|Any CPU
		{9B0125F7-0C80-4A66-9F72-30D80503430B}.Debug|Any CPU.Build.0 = Debug|Any CPU
		{9B0125F7-0C80-4A66-9F72-30D80503430B}.Release|Any CPU.ActiveCfg = Release|Any CPU
		{9B0125F7-0C80-4A66-9F72-30D80503430B}.Release|Any CPU.Build.0 = Release|Any CPU
	EndGlobalSection
	GlobalSection(SolutionProperties) = preSolution
		HideSolutionNode = FALSE
	EndGlobalSection
	GlobalSection(ExtensibilityGlobals) = postSolution
		SolutionGuid = {FC5D1542-56FC-4BAE-9B02-3F40D87AEB20}
	EndGlobalSection
EndGlobal
