
Microsoft Visual Studio Solution File, Format Version 12.00
# Visual Studio Version 17
VisualStudioVersion = 17.13.35919.96 d17.13
MinimumVisualStudioVersion = 10.0.40219.1
Project("{FAE04EC0-301F-11D3-BF4B-00C04F79EFBC}") = "Employee Records", "Employee Records\Employee Records.csproj", "{C4DDA31F-9056-4221-8A43-28A531F6DDC6}"
EndProject
Global
	GlobalSection(SolutionConfigurationPlatforms) = preSolution
		Debug|Any CPU = Debug|Any CPU
		Release|Any CPU = Release|Any CPU
	EndGlobalSection
	GlobalSection(ProjectConfigurationPlatforms) = postSolution
		{C4DDA31F-9056-4221-8A43-28A531F6DDC6}.Debug|Any CPU.ActiveCfg = Debug|Any CPU
		{C4DDA31F-9056-4221-8A43-28A531F6DDC6}.Debug|Any CPU.Build.0 = Debug|Any CPU
		{C4DDA31F-9056-4221-8A43-28A531F6DDC6}.Release|Any CPU.ActiveCfg = Release|Any CPU
		{C4DDA31F-9056-4221-8A43-28A531F6DDC6}.Release|Any CPU.Build.0 = Release|Any CPU
	EndGlobalSection
	GlobalSection(SolutionProperties) = preSolution
		HideSolutionNode = FALSE
	EndGlobalSection
	GlobalSection(ExtensibilityGlobals) = postSolution
		SolutionGuid = {17392AEA-8B19-4482-8ADE-E2ABD6D26E9B}
	EndGlobalSection
EndGlobal
