
Microsoft Visual Studio Solution File, Format Version 12.00
# Visual Studio Version 17
VisualStudioVersion = 17.13.35919.96 d17.13
MinimumVisualStudioVersion = 10.0.40219.1
Project("{FAE04EC0-301F-11D3-BF4B-00C04F79EFBC}") = "jagged", "jagged\jagged.csproj", "{5519C079-0357-42F9-A2DC-C3DBB26EFC43}"
EndProject
Global
	GlobalSection(SolutionConfigurationPlatforms) = preSolution
		Debug|Any CPU = Debug|Any CPU
		Release|Any CPU = Release|Any CPU
	EndGlobalSection
	GlobalSection(ProjectConfigurationPlatforms) = postSolution
		{5519C079-0357-42F9-A2DC-C3DBB26EFC43}.Debug|Any CPU.ActiveCfg = Debug|Any CPU
		{5519C079-0357-42F9-A2DC-C3DBB26EFC43}.Debug|Any CPU.Build.0 = Debug|Any CPU
		{5519C079-0357-42F9-A2DC-C3DBB26EFC43}.Release|Any CPU.ActiveCfg = Release|Any CPU
		{5519C079-0357-42F9-A2DC-C3DBB26EFC43}.Release|Any CPU.Build.0 = Release|Any CPU
	EndGlobalSection
	GlobalSection(SolutionProperties) = preSolution
		HideSolutionNode = FALSE
	EndGlobalSection
	GlobalSection(ExtensibilityGlobals) = postSolution
		SolutionGuid = {274B4656-FF0C-410B-864C-1CA5E5D0C357}
	EndGlobalSection
EndGlobal
