
Microsoft Visual Studio Solution File, Format Version 12.00
# Visual Studio Version 17
VisualStudioVersion = 17.13.35919.96 d17.13
MinimumVisualStudioVersion = 10.0.40219.1
Project("{FAE04EC0-301F-11D3-BF4B-00C04F79EFBC}") = "Library Management", "Library Management\Library Management.csproj", "{B7CE43E8-DFC6-4397-8369-7DE459F53A92}"
EndProject
Global
	GlobalSection(SolutionConfigurationPlatforms) = preSolution
		Debug|Any CPU = Debug|Any CPU
		Release|Any CPU = Release|Any CPU
	EndGlobalSection
	GlobalSection(ProjectConfigurationPlatforms) = postSolution
		{B7CE43E8-DFC6-4397-8369-7DE459F53A92}.Debug|Any CPU.ActiveCfg = Debug|Any CPU
		{B7CE43E8-DFC6-4397-8369-7DE459F53A92}.Debug|Any CPU.Build.0 = Debug|Any CPU
		{B7CE43E8-DFC6-4397-8369-7DE459F53A92}.Release|Any CPU.ActiveCfg = Release|Any CPU
		{B7CE43E8-DFC6-4397-8369-7DE459F53A92}.Release|Any CPU.Build.0 = Release|Any CPU
	EndGlobalSection
	GlobalSection(SolutionProperties) = preSolution
		HideSolutionNode = FALSE
	EndGlobalSection
	GlobalSection(ExtensibilityGlobals) = postSolution
		SolutionGuid = {FC96DD89-9518-4BD9-83CF-983AB42BB947}
	EndGlobalSection
EndGlobal
