
Microsoft Visual Studio Solution File, Format Version 12.00
# Visual Studio Version 17
VisualStudioVersion = 17.13.35919.96 d17.13
MinimumVisualStudioVersion = 10.0.40219.1
Project("{FAE04EC0-301F-11D3-BF4B-00C04F79EFBC}") = "phonecontact using dictionry", "phonecontact using dictionry.csproj", "{E1C23B11-E995-416D-880D-B911CB59AD31}"
EndProject
Global
	GlobalSection(SolutionConfigurationPlatforms) = preSolution
		Debug|Any CPU = Debug|Any CPU
		Release|Any CPU = Release|Any CPU
	EndGlobalSection
	GlobalSection(ProjectConfigurationPlatforms) = postSolution
		{E1C23B11-E995-416D-880D-B911CB59AD31}.Debug|Any CPU.ActiveCfg = Debug|Any CPU
		{E1C23B11-E995-416D-880D-B911CB59AD31}.Debug|Any CPU.Build.0 = Debug|Any CPU
		{E1C23B11-E995-416D-880D-B911CB59AD31}.Release|Any CPU.ActiveCfg = Release|Any CPU
		{E1C23B11-E995-416D-880D-B911CB59AD31}.Release|Any CPU.Build.0 = Release|Any CPU
	EndGlobalSection
	GlobalSection(SolutionProperties) = preSolution
		HideSolutionNode = FALSE
	EndGlobalSection
	GlobalSection(ExtensibilityGlobals) = postSolution
		SolutionGuid = {B602C3C2-6049-4B85-88DB-43EBF70580BF}
	EndGlobalSection
EndGlobal
